
Microsoft Visual Studio Solution File, Format Version 12.00
Project("{FAE04EC0-301F-11D3-BF4B-00C04F79EFBC}") = "IT-Projekt", "IT-Projekt\IT-Projekt.csproj", "{81F1DEF9-60D1-4EAC-81DB-E2CC596003E8}"
EndProject
Project("{FAE04EC0-301F-11D3-BF4B-00C04F79EFBC}") = "TestIT_Projekt", "TestIT_Projekt\TestIT_Projekt.csproj", "{8B296D5E-BE03-45A8-82D7-3A207CEC41B1}"
EndProject
Global
	GlobalSection(SolutionConfigurationPlatforms) = preSolution
		Debug|Any CPU = Debug|Any CPU
		Release|Any CPU = Release|Any CPU
	EndGlobalSection
	GlobalSection(ProjectConfigurationPlatforms) = postSolution
		{81F1DEF9-60D1-4EAC-81DB-E2CC596003E8}.Debug|Any CPU.ActiveCfg = Debug|Any CPU
		{81F1DEF9-60D1-4EAC-81DB-E2CC596003E8}.Debug|Any CPU.Build.0 = Debug|Any CPU
		{81F1DEF9-60D1-4EAC-81DB-E2CC596003E8}.Release|Any CPU.ActiveCfg = Release|Any CPU
		{81F1DEF9-60D1-4EAC-81DB-E2CC596003E8}.Release|Any CPU.Build.0 = Release|Any CPU
		{8B296D5E-BE03-45A8-82D7-3A207CEC41B1}.Debug|Any CPU.ActiveCfg = Debug|Any CPU
		{8B296D5E-BE03-45A8-82D7-3A207CEC41B1}.Debug|Any CPU.Build.0 = Debug|Any CPU
		{8B296D5E-BE03-45A8-82D7-3A207CEC41B1}.Release|Any CPU.ActiveCfg = Release|Any CPU
		{8B296D5E-BE03-45A8-82D7-3A207CEC41B1}.Release|Any CPU.Build.0 = Release|Any CPU
	EndGlobalSection
EndGlobal
